{"1.1.0",
[{<<"cowlib">>,{pkg,<<"cowlib">>,<<"2.1.0">>},1},
 {<<"gun">>,{pkg,<<"gun">>,<<"1.0.0-pre.4b">>},0},
 {<<"ranch">>,{pkg,<<"ranch">>,<<"1.4.0">>},1}]}.
[
{pkg_hash,[
 {<<"cowlib">>, <<"F73658B93DD043AF40400C3E4FD997068EBD0C617F8C8F4CD003A1A78EBF94F5">>},
 {<<"gun">>, <<"DD53B9FD3D597CFA7974D6AD85128AC7E16A408D6DC8C392A532AA36EB032A5D">>},
 {<<"ranch">>, <<"10272F95DA79340FA7E8774BA7930B901713D272905D0012B06CA6D994F8826B">>}]}
].
